
Microsoft Visual Studio Solution File, Format Version 12.00
# Visual Studio 14
VisualStudioVersion = 14.0.25420.1
MinimumVisualStudioVersion = 10.0.40219.1
Project("{FAE04EC0-301F-11D3-BF4B-00C04F79EFBC}") = "gameDevMultiPlayerWithNode.CSharp", "gameDevMultiPlayerWithNode.CSharp.csproj", "{DA888713-A75D-5001-E1B5-9C134DFA90C3}"
EndProject
Project("{FAE04EC0-301F-11D3-BF4B-00C04F79EFBC}") = "gameDevMultiPlayerWithNode.CSharp.Editor", "gameDevMultiPlayerWithNode.CSharp.Editor.csproj", "{7E92AF29-E792-74EC-4302-5EF61ADC4271}"
EndProject
Global
	GlobalSection(SolutionConfigurationPlatforms) = preSolution
		Debug|Any CPU = Debug|Any CPU
		Release|Any CPU = Release|Any CPU
	EndGlobalSection
	GlobalSection(ProjectConfigurationPlatforms) = postSolution
		{DA888713-A75D-5001-E1B5-9C134DFA90C3}.Debug|Any CPU.ActiveCfg = Debug|Any CPU
		{DA888713-A75D-5001-E1B5-9C134DFA90C3}.Debug|Any CPU.Build.0 = Debug|Any CPU
		{DA888713-A75D-5001-E1B5-9C134DFA90C3}.Release|Any CPU.ActiveCfg = Release|Any CPU
		{DA888713-A75D-5001-E1B5-9C134DFA90C3}.Release|Any CPU.Build.0 = Release|Any CPU
		{7E92AF29-E792-74EC-4302-5EF61ADC4271}.Debug|Any CPU.ActiveCfg = Debug|Any CPU
		{7E92AF29-E792-74EC-4302-5EF61ADC4271}.Debug|Any CPU.Build.0 = Debug|Any CPU
		{7E92AF29-E792-74EC-4302-5EF61ADC4271}.Release|Any CPU.ActiveCfg = Release|Any CPU
		{7E92AF29-E792-74EC-4302-5EF61ADC4271}.Release|Any CPU.Build.0 = Release|Any CPU
	EndGlobalSection
	GlobalSection(SolutionProperties) = preSolution
		HideSolutionNode = FALSE
	EndGlobalSection
EndGlobal
